// !$*UTF8*$!
{
	archiveVersion = 1;
	classes = {
	};
	objectVersion = 50;
	objects = {

/* Begin PBXBuildFile section */
		4205055C235BFAAA00CC7AAE /* AppDelegate.swift in Sources */ = {isa = PBXBuildFile; fileRef = 4205055B235BFAAA00CC7AAE /* AppDelegate.swift */; };
		4205055E235BFAAA00CC7AAE /* SceneDelegate.swift in Sources */ = {isa = PBXBuildFile; fileRef = 4205055D235BFAAA00CC7AAE /* SceneDelegate.swift */; };
		42050560235BFAAA00CC7AAE /* ViewController.swift in Sources */ = {isa = PBXBuildFile; fileRef = 4205055F235BFAAA00CC7AAE /* ViewController.swift */; };
		42050563235BFAAA00CC7AAE /* Main.storyboard in Resources */ = {isa = PBXBuildFile; fileRef = 42050561235BFAAA00CC7AAE /* Main.storyboard */; };
		42050565235BFAB400CC7AAE /* Assets.xcassets in Resources */ = {isa = PBXBuildFile; fileRef = 42050564235BFAB400CC7AAE /* Assets.xcassets */; };
		42050568235BFAB400CC7AAE /* LaunchScreen.storyboard in Resources */ = {isa = PBXBuildFile; fileRef = 42050566235BFAB400CC7AAE /* LaunchScreen.storyboard */; };
		42050570235C0C2A00CC7AAE /* SegundaPantallaViewController.swift in Sources */ = {isa = PBXBuildFile; fileRef = 4205056F235C0C2A00CC7AAE /* SegundaPantallaViewController.swift */; };
/* End PBXBuildFile section */

/* Begin PBXFileReference section */
		42050558235BFAAA00CC7AAE /* programa1.app */ = {isa = PBXFileReference; explicitFileType = wrapper.application; includeInIndex = 0; path = programa1.app; sourceTree = BUILT_PRODUCTS_DIR; };
		4205055B235BFAAA00CC7AAE /* AppDelegate.swift */ = {isa = PBXFileReference; lastKnownFileType = sourcecode.swift; path = AppDelegate.swift; sourceTree = "<group>"; };
		4205055D235BFAAA00CC7AAE /* SceneDelegate.swift */ = {isa = PBXFileReference; lastKnownFileType = sourcecode.swift; path = SceneDelegate.swift; sourceTree = "<group>"; };
		4205055F235BFAAA00CC7AAE /* ViewController.swift */ = {isa = PBXFileReference; lastKnownFileType = sourcecode.swift; path = ViewController.swift; sourceTree = "<group>"; };
		42050562235BFAAA00CC7AAE /* Base */ = {isa = PBXFileReference; lastKnownFileType = file.storyboard; name = Base; path = Base.lproj/Main.storyboard; sourceTree = "<group>"; };
		42050564235BFAB400CC7AAE /* Assets.xcassets */ = {isa = PBXFileReference; lastKnownFileType = folder.assetcatalog; path = Assets.xcassets; sourceTree = "<group>"; };
		42050567235BFAB400CC7AAE /* Base */ = {isa = PBXFileReference; lastKnownFileType = file.storyboard; name = Base; path = Base.lproj/LaunchScreen.storyboard; sourceTree = "<group>"; };
		42050569235BFAB400CC7AAE /* Info.plist */ = {isa = PBXFileReference; lastKnownFileType = text.plist.xml; path = Info.plist; sourceTree = "<group>"; };
		4205056F235C0C2A00CC7AAE /* SegundaPantallaViewController.swift */ = {isa = PBXFileReference; lastKnownFileType = sourcecode.swift; path = SegundaPantallaViewController.swift; sourceTree = "<group>"; };
/* End PBXFileReference section */

/* Begin PBXFrameworksBuildPhase section */
		42050555235BFAAA00CC7AAE /* Frameworks */ = {
			isa = PBXFrameworksBuildPhase;
			buildActionMask = 2147483647;
			files = (
			);
			runOnlyForDeploymentPostprocessing = 0;
		};
/* End PBXFrameworksBuildPhase section */

/* Begin PBXGroup section */
		4205054F235BFAAA00CC7AAE = {
			isa = PBXGroup;
			children = (
				4205055A235BFAAA00CC7AAE /* programa1 */,
				42050559235BFAAA00CC7AAE /* Products */,
			);
			sourceTree = "<group>";
		};
		42050559235BFAAA00CC7AAE /* Products */ = {
			isa = PBXGroup;
			children = (
				42050558235BFAAA00CC7AAE /* programa1.app */,
			);
			name = Products;
			sourceTree = "<group>";
		};
		4205055A235BFAAA00CC7AAE /* programa1 */ = {
			isa = PBXGroup;
			children = (
				4205055B235BFAAA00CC7AAE /* AppDelegate.swift */,
				4205055D235BFAAA00CC7AAE /* SceneDelegate.swift */,
				4205055F235BFAAA00CC7AAE /* ViewController.swift */,
				42050561235BFAAA00CC7AAE /* Main.storyboard */,
				42050564235BFAB400CC7AAE /* Assets.xcassets */,
				42050566235BFAB400CC7AAE /* LaunchScreen.storyboard */,
				42050569235BFAB400CC7AAE /* Info.plist */,
				4205056F235C0C2A00CC7AAE /* SegundaPantallaViewController.swift */,
			);
			path = programa1;
			sourceTree = "<group>";
		};
/* End PBXGroup section */

/* Begin PBXNativeTarget section */
		42050557235BFAAA00CC7AAE /* programa1 */ = {
			isa = PBXNativeTarget;
			buildConfigurationList = 4205056C235BFAB400CC7AAE /* Build configuration list for PBXNativeTarget "programa1" */;
			buildPhases = (
				42050554235BFAAA00CC7AAE /* Sources */,
				42050555235BFAAA00CC7AAE /* Frameworks */,
				42050556235BFAAA00CC7AAE /* Resources */,
			);
			buildRules = (
			);
			dependencies = (
			);
			name = programa1;
			productName = programa1;
			productReference = 42050558235BFAAA00CC7AAE /* programa1.app */;
			productType = "com.apple.product-type.application";
		};
/* End PBXNativeTarget section */

/* Begin PBXProject section */
		42050550235BFAAA00CC7AAE /* Project object */ = {
			isa = PBXProject;
			attributes = {
				LastSwiftUpdateCheck = 1100;
				LastUpgradeCheck = 1100;
				ORGANIZATIONNAME = "Pamela Ruíz";
				TargetAttributes = {
					42050557235BFAAA00CC7AAE = {
						CreatedOnToolsVersion = 11.0;
					};
				};
			};
			buildConfigurationList = 42050553235BFAAA00CC7AAE /* Build configuration list for PBXProject "programa1" */;
			compatibilityVersion = "Xcode 9.3";
			developmentRegion = en;
			hasScannedForEncodings = 0;
			knownRegions = (
				en,
				Base,
			);
			mainGroup = 4205054F235BFAAA00CC7AAE;
			productRefGroup = 42050559235BFAAA00CC7AAE /* Products */;
			projectDirPath = "";
			projectRoot = "";
			targets = (
				42050557235BFAAA00CC7AAE /* programa1 */,
			);
		};
/* End PBXProject section */

/* Begin PBXResourcesBuildPhase section */
		42050556235BFAAA00CC7AAE /* Resources */ = {
			isa = PBXResourcesBuildPhase;
			buildActionMask = 2147483647;
			files = (
				42050568235BFAB400CC7AAE /* LaunchScreen.storyboard in Resources */,
				42050565235BFAB400CC7AAE /* Assets.xcassets in Resources */,
				42050563235BFAAA00CC7AAE /* Main.storyboard in Resources */,
			);
			runOnlyForDeploymentPostprocessing = 0;
		};
/* End PBXResourcesBuildPhase section */

/* Begin PBXSourcesBuildPhase section */
		42050554235BFAAA00CC7AAE /* Sources */ = {
			isa = PBXSourcesBuildPhase;
			buildActionMask = 2147483647;
			files = (
				42050560235BFAAA00CC7AAE /* ViewController.swift in Sources */,
				42050570235C0C2A00CC7AAE /* SegundaPantallaViewController.swift in Sources */,
				4205055C235BFAAA00CC7AAE /* AppDelegate.swift in Sources */,
				4205055E235BFAAA00CC7AAE /* SceneDelegate.swift in Sources */,
			);
			runOnlyForDeploymentPostprocessing = 0;
		};
/* End PBXSourcesBuildPhase section */

/* Begin PBXVariantGroup section */
		42050561235BFAAA00CC7AAE /* Main.storyboard */ = {
			isa = PBXVariantGroup;
			children = (
				42050562235BFAAA00CC7AAE /* Base */,
			);
			name = Main.storyboard;
			sourceTree = "<group>";
		};
		42050566235BFAB400CC7AAE /* LaunchScreen.storyboard */ = {
			isa = PBXVariantGroup;
			children = (
				42050567235BFAB400CC7AAE /* Base */,
			);
			name = LaunchScreen.storyboard;
			sourceTree = "<group>";
		};
/* End PBXVariantGroup section */

/* Begin XCBuildConfiguration section */
		4205056A235BFAB400CC7AAE /* Debug */ = {
			isa = XCBuildConfiguration;
			buildSettings = {
				ALWAYS_SEARCH_USER_PATHS = NO;
				CLANG_ANALYZER_NONNULL = YES;
				CLANG_ANALYZER_NUMBER_OBJECT_CONVERSION = YES_AGGRESSIVE;
				CLANG_CXX_LANGUAGE_STANDARD = "gnu++14";
				CLANG_CXX_LIBRARY = "libc++";
				CLANG_ENABLE_MODULES = YES;
				CLANG_ENABLE_OBJC_ARC = YES;
				CLANG_ENABLE_OBJC_WEAK = YES;
				CLANG_WARN_BLOCK_CAPTURE_AUTORELEASING = YES;
				CLANG_WARN_BOOL_CONVERSION = YES;
				CLANG_WARN_COMMA = YES;
				CLANG_WARN_CONSTANT_CONVERSION = YES;
				CLANG_WARN_DEPRECATED_OBJC_IMPLEMENTATIONS = YES;
				CLANG_WARN_DIRECT_OBJC_ISA_USAGE = YES_ERROR;
				CLANG_WARN_DOCUMENTATION_COMMENTS = YES;
				CLANG_WARN_EMPTY_BODY = YES;
				CLANG_WARN_ENUM_CONVERSION = YES;
				CLANG_WARN_INFINITE_RECURSION = YES;
				CLANG_WARN_INT_CONVERSION = YES;
				CLANG_WARN_NON_LITERAL_NULL_CONVERSION = YES;
				CLANG_WARN_OBJC_IMPLICIT_RETAIN_SELF = YES;
				CLANG_WARN_OBJC_LITERAL_CONVERSION = YES;
				CLANG_WARN_OBJC_ROOT_CLASS = YES_ERROR;
				CLANG_WARN_RANGE_LOOP_ANALYSIS = YES;
				CLANG_WARN_STRICT_PROTOTYPES = YES;
				CLANG_WARN_SUSPICIOUS_MOVE = YES;
				CLANG_WARN_UNGUARDED_AVAILABILITY = YES_AGGRESSIVE;
				CLANG_WARN_UNREACHABLE_CODE = YES;
				CLANG_WARN__DUPLICATE_METHOD_MATCH = YES;
				COPY_PHASE_STRIP = NO;
				DEBUG_INFORMATION_FORMAT = dwarf;
				ENABLE_STRICT_OBJC_MSGSEND = YES;
				ENABLE_TESTABILITY = YES;
				GCC_C_LANGUAGE_STANDARD = gnu11;
				GCC_DYNAMIC_NO_PIC = NO;
				GCC_NO_COMMON_BLOCKS = YES;
				GCC_OPTIMIZATION_LEVEL = 0;
				GCC_PREPROCESSOR_DEFINITIONS = (
					"DEBUG=1",
					"$(inherited)",
				);
				GCC_WARN_64_TO_32_BIT_CONVERSION = YES;
				GCC_WARN_ABOUT_RETURN_TYPE = YES_ERROR;
				GCC_WARN_UNDECLARED_SELECTOR = YES;
				GCC_WARN_UNINITIALIZED_AUTOS = YES_AGGRESSIVE;
				GCC_WARN_UNUSED_FUNCTION = YES;
				GCC_WARN_UNUSED_VARIABLE = YES;
				IPHONEOS_DEPLOYMENT_TARGET = 13.0;
				MTL_ENABLE_DEBUG_INFO = INCLUDE_SOURCE;
				MTL_FAST_MATH = YES;
				ONLY_ACTIVE_ARCH = YES;
				SDKROOT = iphoneos;
				SWIFT_ACTIVE_COMPILATION_CONDITIONS = DEBUG;
				SWIFT_OPTIMIZATION_LEVEL = "-Onone";
			};
			name = Debug;
		};
		4205056B235BFAB400CC7AAE /* Release */ = {
			isa = XCBuildConfiguration;
			buildSettings = {
				ALWAYS_SEARCH_USER_PATHS = NO;
				CLANG_ANALYZER_NONNULL = YES;
				CLANG_ANALYZER_NUMBER_OBJECT_CONVERSION = YES_AGGRESSIVE;
				CLANG_CXX_LANGUAGE_STANDARD = "gnu++14";
				CLANG_CXX_LIBRARY = "libc++";
				CLANG_ENABLE_MODULES = YES;
				CLANG_ENABLE_OBJC_ARC = YES;
				CLANG_ENABLE_OBJC_WEAK = YES;
				CLANG_WARN_BLOCK_CAPTURE_AUTORELEASING = YES;
				CLANG_WARN_BOOL_CONVERSION = YES;
				CLANG_WARN_COMMA = YES;
				CLANG_WARN_CONSTANT_CONVERSION = YES;
				CLANG_WARN_DEPRECATED_OBJC_IMPLEMENTATIONS = YES;
				CLANG_WARN_DIRECT_OBJC_ISA_USAGE = YES_ERROR;
				CLANG_WARN_DOCUMENTATION_COMMENTS = YES;
				CLANG_WARN_EMPTY_BODY = YES;
				CLANG_WARN_ENUM_CONVERSION = YES;
				CLANG_WARN_INFINITE_RECURSION = YES;
				CLANG_WARN_INT_CONVERSION = YES;
				CLANG_WARN_NON_LITERAL_NULL_CONVERSION = YES;
				CLANG_WARN_OBJC_IMPLICIT_RETAIN_SELF = YES;
				CLANG_WARN_OBJC_LITERAL_CONVERSION = YES;
				CLANG_WARN_OBJC_ROOT_CLASS = YES_ERROR;
				CLANG_WARN_RANGE_LOOP_ANALYSIS = YES;
				CLANG_WARN_STRICT_PROTOTYPES = YES;
				CLANG_WARN_SUSPICIOUS_MOVE = YES;
				CLANG_WARN_UNGUARDED_AVAILABILITY = YES_AGGRESSIVE;
				CLANG_WARN_UNREACHABLE_CODE = YES;
				CLANG_WARN__DUPLICATE_METHOD_MATCH = YES;
				COPY_PHASE_STRIP = NO;
				DEBUG_INFORMATION_FORMAT = "dwarf-with-dsym";
				ENABLE_NS_ASSERTIONS = NO;
				ENABLE_STRICT_OBJC_MSGSEND = YES;
				GCC_C_LANGUAGE_STANDARD = gnu11;
				GCC_NO_COMMON_BLOCKS = YES;
				GCC_WARN_64_TO_32_BIT_CONVERSION = YES;
				GCC_WARN_ABOUT_RETURN_TYPE = YES_ERROR;
				GCC_WARN_UNDECLARED_SELECTOR = YES;
				GCC_WARN_UNINITIALIZED_AUTOS = YES_AGGRESSIVE;
				GCC_WARN_UNUSED_FUNCTION = YES;
				GCC_WARN_UNUSED_VARIABLE = YES;
				IPHONEOS_DEPLOYMENT_TARGET = 13.0;
				MTL_ENABLE_DEBUG_INFO = NO;
				MTL_FAST_MATH = YES;
				SDKROOT = iphoneos;
				SWIFT_COMPILATION_MODE = wholemodule;
				SWIFT_OPTIMIZATION_LEVEL = "-O";
				VALIDATE_PRODUCT = YES;
			};
			name = Release;
		};
		4205056D235BFAB400CC7AAE /* Debug */ = {
			isa = XCBuildConfiguration;
			buildSettings = {
				ASSETCATALOG_COMPILER_APPICON_NAME = AppIcon;
				CODE_SIGN_STYLE = Automatic;
				INFOPLIST_FILE = programa1/Info.plist;
				LD_RUNPATH_SEARCH_PATHS = (
					"$(inherited)",
					"@executable_path/Frameworks",
				);
				PRODUCT_BUNDLE_IDENTIFIER = com.pamela.programa1;
				PRODUCT_NAME = "$(TARGET_NAME)";
				SWIFT_VERSION = 5.0;
				TARGETED_DEVICE_FAMILY = "1,2";
			};
			name = Debug;
		};
		4205056E235BFAB400CC7AAE /* Release */ = {
			isa = XCBuildConfiguration;
			buildSettings = {
				ASSETCATALOG_COMPILER_APPICON_NAME = AppIcon;
				CODE_SIGN_STYLE = Automatic;
				INFOPLIST_FILE = programa1/Info.plist;
				LD_RUNPATH_SEARCH_PATHS = (
					"$(inherited)",
					"@executable_path/Frameworks",
				);
				PRODUCT_BUNDLE_IDENTIFIER = com.pamela.programa1;
				PRODUCT_NAME = "$(TARGET_NAME)";
				SWIFT_VERSION = 5.0;
				TARGETED_DEVICE_FAMILY = "1,2";
			};
			name = Release;
		};
/* End XCBuildConfiguration section */

/* Begin XCConfigurationList section */
		42050553235BFAAA00CC7AAE /* Build configuration list for PBXProject "programa1" */ = {
			isa = XCConfigurationList;
			buildConfigurations = (
				4205056A235BFAB400CC7AAE /* Debug */,
				4205056B235BFAB400CC7AAE /* Release */,
			);
			defaultConfigurationIsVisible = 0;
			defaultConfigurationName = Release;
		};
		4205056C235BFAB400CC7AAE /* Build configuration list for PBXNativeTarget "programa1" */ = {
			isa = XCConfigurationList;
			buildConfigurations = (
				4205056D235BFAB400CC7AAE /* Debug */,
				4205056E235BFAB400CC7AAE /* Release */,
			);
			defaultConfigurationIsVisible = 0;
			defaultConfigurationName = Release;
		};
/* End XCConfigurationList section */
	};
	rootObject = 42050550235BFAAA00CC7AAE /* Project object */;
}
